{
  "pins" : [
    {
      "identity" : "swift-argument-parser",
      "kind" : "remoteSourceControl",
      "location" : "https://github.com/apple/swift-argument-parser",
      "state" : {
        "revision" : "8f4d2753f0e4778c76d5f05ad16c74f707390531",
        "version" : "1.2.3"
      }
    },
    {
      "identity" : "swifty-test-assertions",
      "kind" : "remoteSourceControl",
      "location" : "https://github.com/artem-y/swifty-test-assertions.git",
      "state" : {
        "revision" : "d1e99184b5d7b932d12bb4df90efe457117fe8d1",
        "version" : "0.1.0"
      }
    }
  ],
  "version" : 2
}
