{
  "pins" : [
    {
      "identity" : "swift-argument-parser",
      "kind" : "remoteSourceControl",
      "location" : "https://github.com/apple/swift-argument-parser",
      "state" : {
        "revision" : "fee6933f37fde9a5e12a1e4aeaa93fe60116ff2a",
        "version" : "1.2.2"
      }
    },
    {
      "identity" : "swifty-test-assertions",
      "kind" : "remoteSourceControl",
      "location" : "https://github.com/artem-y/swifty-test-assertions.git",
      "state" : {
        "revision" : "d1e99184b5d7b932d12bb4df90efe457117fe8d1",
        "version" : "0.1.0"
      }
    }
  ],
  "version" : 2
}
